
Microsoft Visual Studio Solution File, Format Version 12.00
# Visual Studio Version 16
VisualStudioVersion = 16.0.34902.97
MinimumVisualStudioVersion = 10.0.40219.1
Project("{FAE04EC0-301F-11D3-BF4B-00C04F79EFBC}") = "Line", "Line\Line.csproj", "{9857DBA3-47B0-4A21-8A15-B21EDA7A6ADE}"
EndProject
Project("{FAE04EC0-301F-11D3-BF4B-00C04F79EFBC}") = "EntEdit", "EntEdit\EntEdit.csproj", "{493FF08A-46E6-4BBB-9A83-C9D15E29937B}"
EndProject
Global
	GlobalSection(SolutionConfigurationPlatforms) = preSolution
		Debug|Any CPU = Debug|Any CPU
		Debug|x64 = Debug|x64
		Release|Any CPU = Release|Any CPU
		Release|x64 = Release|x64
	EndGlobalSection
	GlobalSection(ProjectConfigurationPlatforms) = postSolution
		{9857DBA3-47B0-4A21-8A15-B21EDA7A6ADE}.Debug|Any CPU.ActiveCfg = Debug|Any CPU
		{9857DBA3-47B0-4A21-8A15-B21EDA7A6ADE}.Debug|Any CPU.Build.0 = Debug|Any CPU
		{9857DBA3-47B0-4A21-8A15-B21EDA7A6ADE}.Debug|x64.ActiveCfg = Debug|x64
		{9857DBA3-47B0-4A21-8A15-B21EDA7A6ADE}.Debug|x64.Build.0 = Debug|x64
		{9857DBA3-47B0-4A21-8A15-B21EDA7A6ADE}.Release|Any CPU.ActiveCfg = Release|Any CPU
		{9857DBA3-47B0-4A21-8A15-B21EDA7A6ADE}.Release|Any CPU.Build.0 = Release|Any CPU
		{9857DBA3-47B0-4A21-8A15-B21EDA7A6ADE}.Release|x64.ActiveCfg = Release|x64
		{9857DBA3-47B0-4A21-8A15-B21EDA7A6ADE}.Release|x64.Build.0 = Release|x64
		{493FF08A-46E6-4BBB-9A83-C9D15E29937B}.Debug|Any CPU.ActiveCfg = Debug|Any CPU
		{493FF08A-46E6-4BBB-9A83-C9D15E29937B}.Debug|Any CPU.Build.0 = Debug|Any CPU
		{493FF08A-46E6-4BBB-9A83-C9D15E29937B}.Debug|x64.ActiveCfg = Debug|x64
		{493FF08A-46E6-4BBB-9A83-C9D15E29937B}.Debug|x64.Build.0 = Debug|x64
		{493FF08A-46E6-4BBB-9A83-C9D15E29937B}.Release|Any CPU.ActiveCfg = Release|Any CPU
		{493FF08A-46E6-4BBB-9A83-C9D15E29937B}.Release|Any CPU.Build.0 = Release|Any CPU
		{493FF08A-46E6-4BBB-9A83-C9D15E29937B}.Release|x64.ActiveCfg = Release|Any CPU
		{493FF08A-46E6-4BBB-9A83-C9D15E29937B}.Release|x64.Build.0 = Release|Any CPU
	EndGlobalSection
	GlobalSection(SolutionProperties) = preSolution
		HideSolutionNode = FALSE
	EndGlobalSection
	GlobalSection(ExtensibilityGlobals) = postSolution
		SolutionGuid = {B9716DA3-5F2F-4923-9A28-867C76F7047A}
	EndGlobalSection
EndGlobal
