
Microsoft Visual Studio Solution File, Format Version 12.00
# Visual Studio Version 16
VisualStudioVersion = 16.0.34902.97
MinimumVisualStudioVersion = 10.0.40219.1
Project("{FAE04EC0-301F-11D3-BF4B-00C04F79EFBC}") = "cmdClasses", "cmdClasses\cmdClasses.csproj", "{307E3B96-EA63-49FD-97BF-7C93FBC19382}"
EndProject
Global
	GlobalSection(SolutionConfigurationPlatforms) = preSolution
		Debug|Any CPU = Debug|Any CPU
		Debug|x64 = Debug|x64
		Release|Any CPU = Release|Any CPU
		Release|x64 = Release|x64
	EndGlobalSection
	GlobalSection(ProjectConfigurationPlatforms) = postSolution
		{307E3B96-EA63-49FD-97BF-7C93FBC19382}.Debug|Any CPU.ActiveCfg = Debug|Any CPU
		{307E3B96-EA63-49FD-97BF-7C93FBC19382}.Debug|Any CPU.Build.0 = Debug|Any CPU
		{307E3B96-EA63-49FD-97BF-7C93FBC19382}.Debug|x64.ActiveCfg = Debug|x64
		{307E3B96-EA63-49FD-97BF-7C93FBC19382}.Debug|x64.Build.0 = Debug|x64
		{307E3B96-EA63-49FD-97BF-7C93FBC19382}.Release|Any CPU.ActiveCfg = Release|Any CPU
		{307E3B96-EA63-49FD-97BF-7C93FBC19382}.Release|Any CPU.Build.0 = Release|Any CPU
		{307E3B96-EA63-49FD-97BF-7C93FBC19382}.Release|x64.ActiveCfg = Release|x64
		{307E3B96-EA63-49FD-97BF-7C93FBC19382}.Release|x64.Build.0 = Release|x64
	EndGlobalSection
	GlobalSection(SolutionProperties) = preSolution
		HideSolutionNode = FALSE
	EndGlobalSection
	GlobalSection(ExtensibilityGlobals) = postSolution
		SolutionGuid = {8725B65C-2667-48EF-9CB8-5ABD365B1D20}
	EndGlobalSection
EndGlobal
